# @generated - this file is auto-generated by `mise lock` https://mise.jdx.dev/dev-tools/mise-lock.html

[[tools.biome]]
version = "2.4.9"
backend = "aqua:biomejs/biome"

[tools.biome."platforms.linux-arm64"]
checksum = "sha256:3f4516bfddca114ee5c727f7614803eb7a566991ddb8ca1bb9ebe1eb8c36bfe7"
url = "https://github.com/biomejs/biome/releases/download/%40biomejs/biome%402.4.9/biome-linux-arm64"

[tools.biome."platforms.linux-arm64-musl"]
checksum = "sha256:3f4516bfddca114ee5c727f7614803eb7a566991ddb8ca1bb9ebe1eb8c36bfe7"
url = "https://github.com/biomejs/biome/releases/download/%40biomejs/biome%402.4.9/biome-linux-arm64"

[tools.biome."platforms.linux-x64"]
checksum = "sha256:209550f80e5443011de329f658f86f496008a82e081626349cfe1dddd6156425"
url = "https://github.com/biomejs/biome/releases/download/%40biomejs/biome%402.4.9/biome-linux-x64"
provenance = "github-attestations"

[tools.biome."platforms.linux-x64-baseline"]
checksum = "sha256:209550f80e5443011de329f658f86f496008a82e081626349cfe1dddd6156425"
url = "https://github.com/biomejs/biome/releases/download/%40biomejs/biome%402.4.9/biome-linux-x64"

[tools.biome."platforms.linux-x64-musl"]
checksum = "sha256:209550f80e5443011de329f658f86f496008a82e081626349cfe1dddd6156425"
url = "https://github.com/biomejs/biome/releases/download/%40biomejs/biome%402.4.9/biome-linux-x64"

[tools.biome."platforms.linux-x64-musl-baseline"]
checksum = "sha256:209550f80e5443011de329f658f86f496008a82e081626349cfe1dddd6156425"
url = "https://github.com/biomejs/biome/releases/download/%40biomejs/biome%402.4.9/biome-linux-x64"

[tools.biome."platforms.macos-arm64"]
checksum = "sha256:8d40e92275fcbaf0a157b5146f71b8c71ce61e50102ac4385170022e76938d85"
url = "https://github.com/biomejs/biome/releases/download/%40biomejs/biome%402.4.9/biome-darwin-arm64"
provenance = "github-attestations"

[tools.biome."platforms.macos-x64"]
checksum = "sha256:f5b7e584d1e993157638ce2d32335dbe754c4be94c4774f43aaf569918161c15"
url = "https://github.com/biomejs/biome/releases/download/%40biomejs/biome%402.4.9/biome-darwin-x64"

[tools.biome."platforms.macos-x64-baseline"]
checksum = "sha256:f5b7e584d1e993157638ce2d32335dbe754c4be94c4774f43aaf569918161c15"
url = "https://github.com/biomejs/biome/releases/download/%40biomejs/biome%402.4.9/biome-darwin-x64"

[tools.biome."platforms.windows-x64"]
checksum = "sha256:b33519e33e6807e37d57767f7c49fc8fe5205819d267924a8fe8a20d7ce296cf"
url = "https://github.com/biomejs/biome/releases/download/%40biomejs/biome%402.4.9/biome-win32-x64.exe"

[tools.biome."platforms.windows-x64-baseline"]
checksum = "sha256:b33519e33e6807e37d57767f7c49fc8fe5205819d267924a8fe8a20d7ce296cf"
url = "https://github.com/biomejs/biome/releases/download/%40biomejs/biome%402.4.9/biome-win32-x64.exe"

[[tools.bun]]
version = "1.3.11"
backend = "core:bun"

[tools.bun."platforms.linux-arm64"]
checksum = "sha256:d13944da12a53ecc74bf6a720bd1d04c4555c038dfe422365356a7be47691fdf"
url = "https://github.com/oven-sh/bun/releases/download/bun-v1.3.11/bun-linux-aarch64.zip"

[tools.bun."platforms.linux-arm64-musl"]
checksum = "sha256:0f5bf5dc3f276053196274bb84f90a44e2fa40c9432bd6757e3247a8d9476a3d"
url = "https://github.com/oven-sh/bun/releases/download/bun-v1.3.11/bun-linux-aarch64-musl.zip"

[tools.bun."platforms.linux-x64"]
checksum = "sha256:8611ba935af886f05a6f38740a15160326c15e5d5d07adef966130b4493607ed"
url = "https://github.com/oven-sh/bun/releases/download/bun-v1.3.11/bun-linux-x64.zip"

[tools.bun."platforms.linux-x64-baseline"]
checksum = "sha256:abe346f63414547cdf6b35b7a649a490c728b93d006226156923918a84c0e59b"
url = "https://github.com/oven-sh/bun/releases/download/bun-v1.3.11/bun-linux-x64-baseline.zip"

[tools.bun."platforms.linux-x64-musl"]
checksum = "sha256:b0fce3bc4fab52f26a1e0d8886dc07fd0c0eb2a274cb343b59c83a2d5997b5b1"
url = "https://github.com/oven-sh/bun/releases/download/bun-v1.3.11/bun-linux-x64-musl.zip"

[tools.bun."platforms.linux-x64-musl-baseline"]
checksum = "sha256:2fa2b697f14ada86a28df771d3876ca7606d7453b2339454893b1937aa9c0c7e"
url = "https://github.com/oven-sh/bun/releases/download/bun-v1.3.11/bun-linux-x64-musl-baseline.zip"

[tools.bun."platforms.macos-arm64"]
checksum = "sha256:6f5a3467ed9caec4795bf78cd476507d9f870c7d57b86c945fcb338126772ffc"
url = "https://github.com/oven-sh/bun/releases/download/bun-v1.3.11/bun-darwin-aarch64.zip"

[tools.bun."platforms.macos-x64"]
checksum = "sha256:c4fe2b9247218b0295f24e895aaec8fee62e74452679a9026b67eacbd611a286"
url = "https://github.com/oven-sh/bun/releases/download/bun-v1.3.11/bun-darwin-x64.zip"

[tools.bun."platforms.macos-x64-baseline"]
checksum = "sha256:fb6739b08bf54550edaa7c824cd5b2dca45b6a06afef408443087a63105f6f8d"
url = "https://github.com/oven-sh/bun/releases/download/bun-v1.3.11/bun-darwin-x64-baseline.zip"

[tools.bun."platforms.windows-x64"]
checksum = "sha256:066f8694f8b7d8df592452746d18f01710d4053e93030922dbc6e8c34a8c4b9f"
url = "https://github.com/oven-sh/bun/releases/download/bun-v1.3.11/bun-windows-x64.zip"

[tools.bun."platforms.windows-x64-baseline"]
checksum = "sha256:9d0e0f923e9626f3bc6044fc32e0d3ab29039aea753f5678ef8801cf26f75288"
url = "https://github.com/oven-sh/bun/releases/download/bun-v1.3.11/bun-windows-x64-baseline.zip"

[[tools.claude]]
version = "2.1.84"
backend = "aqua:anthropics/claude-code"

[tools.claude."platforms.linux-arm64"]
url = "https://storage.googleapis.com/claude-code-dist-86c565f3-f756-42ad-8dfa-d59b1c096819/claude-code-releases/2.1.84/linux-arm64/claude"

[tools.claude."platforms.linux-arm64-musl"]
url = "https://storage.googleapis.com/claude-code-dist-86c565f3-f756-42ad-8dfa-d59b1c096819/claude-code-releases/2.1.84/linux-arm64/claude"

[tools.claude."platforms.linux-x64"]
checksum = "blake3:099421d1fdcb1b63c0a689211c0c4ae16b44ecdd0a7901609de460b01d0b2b3c"
url = "https://storage.googleapis.com/claude-code-dist-86c565f3-f756-42ad-8dfa-d59b1c096819/claude-code-releases/2.1.84/linux-x64/claude"

[tools.claude."platforms.linux-x64-baseline"]
url = "https://storage.googleapis.com/claude-code-dist-86c565f3-f756-42ad-8dfa-d59b1c096819/claude-code-releases/2.1.84/linux-x64/claude"

[tools.claude."platforms.linux-x64-musl"]
url = "https://storage.googleapis.com/claude-code-dist-86c565f3-f756-42ad-8dfa-d59b1c096819/claude-code-releases/2.1.84/linux-x64/claude"

[tools.claude."platforms.linux-x64-musl-baseline"]
url = "https://storage.googleapis.com/claude-code-dist-86c565f3-f756-42ad-8dfa-d59b1c096819/claude-code-releases/2.1.84/linux-x64/claude"

[tools.claude."platforms.macos-arm64"]
url = "https://storage.googleapis.com/claude-code-dist-86c565f3-f756-42ad-8dfa-d59b1c096819/claude-code-releases/2.1.84/darwin-arm64/claude"

[tools.claude."platforms.macos-x64"]
url = "https://storage.googleapis.com/claude-code-dist-86c565f3-f756-42ad-8dfa-d59b1c096819/claude-code-releases/2.1.84/darwin-x64/claude"

[tools.claude."platforms.macos-x64-baseline"]
url = "https://storage.googleapis.com/claude-code-dist-86c565f3-f756-42ad-8dfa-d59b1c096819/claude-code-releases/2.1.84/darwin-x64/claude"

[[tools.killport]]
version = "2.0.0"
backend = "aqua:jkfran/killport"

[tools.killport."platforms.linux-arm64"]
checksum = "sha256:0e7615acb78d4a68ebcfa2e6aa39db89e46522f181b2b11caa08b76db281d61c"
url = "https://github.com/jkfran/killport/releases/download/v2.0.0/killport-aarch64-linux-gnu.tar.gz"

[tools.killport."platforms.linux-arm64-musl"]
checksum = "sha256:0e7615acb78d4a68ebcfa2e6aa39db89e46522f181b2b11caa08b76db281d61c"
url = "https://github.com/jkfran/killport/releases/download/v2.0.0/killport-aarch64-linux-gnu.tar.gz"

[tools.killport."platforms.linux-x64"]
checksum = "sha256:96c54471e1d7d3124416b447d6e2cd2544c196c7ad5cad8591eef6e477339df1"
url = "https://github.com/jkfran/killport/releases/download/v2.0.0/killport-x86_64-linux-gnu.tar.gz"

[tools.killport."platforms.linux-x64-baseline"]
checksum = "sha256:96c54471e1d7d3124416b447d6e2cd2544c196c7ad5cad8591eef6e477339df1"
url = "https://github.com/jkfran/killport/releases/download/v2.0.0/killport-x86_64-linux-gnu.tar.gz"

[tools.killport."platforms.linux-x64-musl"]
checksum = "sha256:96c54471e1d7d3124416b447d6e2cd2544c196c7ad5cad8591eef6e477339df1"
url = "https://github.com/jkfran/killport/releases/download/v2.0.0/killport-x86_64-linux-gnu.tar.gz"

[tools.killport."platforms.linux-x64-musl-baseline"]
checksum = "sha256:96c54471e1d7d3124416b447d6e2cd2544c196c7ad5cad8591eef6e477339df1"
url = "https://github.com/jkfran/killport/releases/download/v2.0.0/killport-x86_64-linux-gnu.tar.gz"

[tools.killport."platforms.macos-arm64"]
checksum = "sha256:3df6368475ab7cd4f3e180e1b9a79bd94f7723bbc14b482f37f47b524d7084d6"
url = "https://github.com/jkfran/killport/releases/download/v2.0.0/killport-aarch64-apple-darwin.tar.gz"

[tools.killport."platforms.macos-x64"]
checksum = "sha256:adc3a53ef66ed0c3b64c98faac4271c4dea76a4e8d9632a7ccc2165d3df80350"
url = "https://github.com/jkfran/killport/releases/download/v2.0.0/killport-x86_64-apple-darwin.tar.gz"

[tools.killport."platforms.macos-x64-baseline"]
checksum = "sha256:adc3a53ef66ed0c3b64c98faac4271c4dea76a4e8d9632a7ccc2165d3df80350"
url = "https://github.com/jkfran/killport/releases/download/v2.0.0/killport-x86_64-apple-darwin.tar.gz"

[tools.killport."platforms.windows-x64"]
checksum = "sha256:785e91dd66a4f3914bf64ad629193e4f7ec710b3d058e70e23c7edd72c150f49"
url = "https://github.com/jkfran/killport/releases/download/v2.0.0/killport-x86_64-pc-windows-gnu.tar.gz"

[tools.killport."platforms.windows-x64-baseline"]
checksum = "sha256:785e91dd66a4f3914bf64ad629193e4f7ec710b3d058e70e23c7edd72c150f49"
url = "https://github.com/jkfran/killport/releases/download/v2.0.0/killport-x86_64-pc-windows-gnu.tar.gz"

[[tools.node]]
version = "25.8.2"
backend = "core:node"

[tools.node."platforms.linux-arm64"]
checksum = "sha256:2f823ecd4f9331d6492fedbe50c5a610be3084521f3a5af146875e00a52f2e63"
url = "https://nodejs.org/dist/v25.8.2/node-v25.8.2-linux-arm64.tar.gz"

[tools.node."platforms.linux-arm64-musl"]
checksum = "sha256:2f823ecd4f9331d6492fedbe50c5a610be3084521f3a5af146875e00a52f2e63"
url = "https://nodejs.org/dist/v25.8.2/node-v25.8.2-linux-arm64.tar.gz"

[tools.node."platforms.linux-x64"]
checksum = "sha256:e06c7069012d40914c57b31157c69d4ce83ea1fe9d63bbb7d26e0509a4535d21"
url = "https://nodejs.org/dist/v25.8.2/node-v25.8.2-linux-x64.tar.gz"

[tools.node."platforms.linux-x64-baseline"]
checksum = "sha256:e06c7069012d40914c57b31157c69d4ce83ea1fe9d63bbb7d26e0509a4535d21"
url = "https://nodejs.org/dist/v25.8.2/node-v25.8.2-linux-x64.tar.gz"

[tools.node."platforms.linux-x64-musl"]
checksum = "sha256:e06c7069012d40914c57b31157c69d4ce83ea1fe9d63bbb7d26e0509a4535d21"
url = "https://nodejs.org/dist/v25.8.2/node-v25.8.2-linux-x64.tar.gz"

[tools.node."platforms.linux-x64-musl-baseline"]
checksum = "sha256:e06c7069012d40914c57b31157c69d4ce83ea1fe9d63bbb7d26e0509a4535d21"
url = "https://nodejs.org/dist/v25.8.2/node-v25.8.2-linux-x64.tar.gz"

[tools.node."platforms.macos-arm64"]
checksum = "sha256:fb8dabfda3232ef90d992e6439824fc3237356c04d182f3fa883bebeef31e871"
url = "https://nodejs.org/dist/v25.8.2/node-v25.8.2-darwin-arm64.tar.gz"

[tools.node."platforms.macos-x64"]
checksum = "sha256:530ffb419789f843215375a65b8fcf4cf010735e99276f512a241a31ba8e5e13"
url = "https://nodejs.org/dist/v25.8.2/node-v25.8.2-darwin-x64.tar.gz"

[tools.node."platforms.macos-x64-baseline"]
checksum = "sha256:530ffb419789f843215375a65b8fcf4cf010735e99276f512a241a31ba8e5e13"
url = "https://nodejs.org/dist/v25.8.2/node-v25.8.2-darwin-x64.tar.gz"

[tools.node."platforms.windows-x64"]
checksum = "sha256:51815d5b0256b947d27d614de04060fcfdbdb830d2c86e63e6f33dbf7964cca7"
url = "https://nodejs.org/dist/v25.8.2/node-v25.8.2-win-x64.zip"

[tools.node."platforms.windows-x64-baseline"]
checksum = "sha256:51815d5b0256b947d27d614de04060fcfdbdb830d2c86e63e6f33dbf7964cca7"
url = "https://nodejs.org/dist/v25.8.2/node-v25.8.2-win-x64.zip"

[[tools.pnpm]]
version = "10.33.0"
backend = "aqua:pnpm/pnpm"

[tools.pnpm."platforms.linux-arm64"]
checksum = "sha256:06755ad2817548b84317d857d5c8003dc6e9e28416a3ea7467256c49ab400d48"
url = "https://github.com/pnpm/pnpm/releases/download/v10.33.0/pnpm-linux-arm64"

[tools.pnpm."platforms.linux-arm64-musl"]
checksum = "sha256:06755ad2817548b84317d857d5c8003dc6e9e28416a3ea7467256c49ab400d48"
url = "https://github.com/pnpm/pnpm/releases/download/v10.33.0/pnpm-linux-arm64"

[tools.pnpm."platforms.linux-x64"]
checksum = "sha256:8d4e8f7d778e8ac482022e2577011706a872542f6f6f233e795a4d9f978ea8b5"
url = "https://github.com/pnpm/pnpm/releases/download/v10.33.0/pnpm-linux-x64"

[tools.pnpm."platforms.linux-x64-baseline"]
checksum = "sha256:8d4e8f7d778e8ac482022e2577011706a872542f6f6f233e795a4d9f978ea8b5"
url = "https://github.com/pnpm/pnpm/releases/download/v10.33.0/pnpm-linux-x64"

[tools.pnpm."platforms.linux-x64-musl"]
checksum = "sha256:8d4e8f7d778e8ac482022e2577011706a872542f6f6f233e795a4d9f978ea8b5"
url = "https://github.com/pnpm/pnpm/releases/download/v10.33.0/pnpm-linux-x64"

[tools.pnpm."platforms.linux-x64-musl-baseline"]
checksum = "sha256:8d4e8f7d778e8ac482022e2577011706a872542f6f6f233e795a4d9f978ea8b5"
url = "https://github.com/pnpm/pnpm/releases/download/v10.33.0/pnpm-linux-x64"

[tools.pnpm."platforms.macos-arm64"]
checksum = "sha256:ed8a1f140f4de457b01ebe0be3ae28e9a7e28863315dcd53d22ff1e5a32d63ae"
url = "https://github.com/pnpm/pnpm/releases/download/v10.33.0/pnpm-macos-arm64"

[tools.pnpm."platforms.macos-x64"]
checksum = "sha256:c31e29554b0e3f4e03f4617195c949595e4dca36085922003de4896c3ca4057d"
url = "https://github.com/pnpm/pnpm/releases/download/v10.33.0/pnpm-macos-x64"

[tools.pnpm."platforms.macos-x64-baseline"]
checksum = "sha256:c31e29554b0e3f4e03f4617195c949595e4dca36085922003de4896c3ca4057d"
url = "https://github.com/pnpm/pnpm/releases/download/v10.33.0/pnpm-macos-x64"

[tools.pnpm."platforms.windows-x64"]
checksum = "sha256:afc96009dc39fe23a835d65192049e6a995f342496b175585dc2beda7d42d33f"
url = "https://github.com/pnpm/pnpm/releases/download/v10.33.0/pnpm-win-x64.exe"

[tools.pnpm."platforms.windows-x64-baseline"]
checksum = "sha256:afc96009dc39fe23a835d65192049e6a995f342496b175585dc2beda7d42d33f"
url = "https://github.com/pnpm/pnpm/releases/download/v10.33.0/pnpm-win-x64.exe"

[[tools.rclone]]
version = "1.73.3"
backend = "aqua:rclone/rclone"

[tools.rclone."platforms.linux-arm64"]
checksum = "sha256:ed2a638b4cb15abe4f01d6d9c015f3a1cb41aa7a17c96db2725542c61f353b8e"
url = "https://github.com/rclone/rclone/releases/download/v1.73.3/rclone-v1.73.3-linux-arm64.zip"

[tools.rclone."platforms.linux-arm64-musl"]
checksum = "sha256:ed2a638b4cb15abe4f01d6d9c015f3a1cb41aa7a17c96db2725542c61f353b8e"
url = "https://github.com/rclone/rclone/releases/download/v1.73.3/rclone-v1.73.3-linux-arm64.zip"

[tools.rclone."platforms.linux-x64"]
checksum = "sha256:70278c22b98c7d02aed01828b70053904dbce4c8a1a15d7781d836c6fdb036ea"
url = "https://github.com/rclone/rclone/releases/download/v1.73.3/rclone-v1.73.3-linux-amd64.zip"

[tools.rclone."platforms.linux-x64-baseline"]
checksum = "sha256:70278c22b98c7d02aed01828b70053904dbce4c8a1a15d7781d836c6fdb036ea"
url = "https://github.com/rclone/rclone/releases/download/v1.73.3/rclone-v1.73.3-linux-amd64.zip"

[tools.rclone."platforms.linux-x64-musl"]
checksum = "sha256:70278c22b98c7d02aed01828b70053904dbce4c8a1a15d7781d836c6fdb036ea"
url = "https://github.com/rclone/rclone/releases/download/v1.73.3/rclone-v1.73.3-linux-amd64.zip"

[tools.rclone."platforms.linux-x64-musl-baseline"]
checksum = "sha256:70278c22b98c7d02aed01828b70053904dbce4c8a1a15d7781d836c6fdb036ea"
url = "https://github.com/rclone/rclone/releases/download/v1.73.3/rclone-v1.73.3-linux-amd64.zip"

[tools.rclone."platforms.macos-arm64"]
checksum = "sha256:ef046e9facd10d1fb39d0ef865d7fab9b5c6ca1597ac7c9167f3aa0c7747393f"
url = "https://github.com/rclone/rclone/releases/download/v1.73.3/rclone-v1.73.3-osx-arm64.zip"

[tools.rclone."platforms.macos-x64"]
checksum = "sha256:aaf209187baf40a4f6b732104121f81eedc0264aaa91186952ec3e78b82025b1"
url = "https://github.com/rclone/rclone/releases/download/v1.73.3/rclone-v1.73.3-osx-amd64.zip"

[tools.rclone."platforms.macos-x64-baseline"]
checksum = "sha256:aaf209187baf40a4f6b732104121f81eedc0264aaa91186952ec3e78b82025b1"
url = "https://github.com/rclone/rclone/releases/download/v1.73.3/rclone-v1.73.3-osx-amd64.zip"

[tools.rclone."platforms.windows-x64"]
checksum = "sha256:1c51142576194d124ffa9654f45bab972530da22a3a339509bf9bed399f9dea3"
url = "https://github.com/rclone/rclone/releases/download/v1.73.3/rclone-v1.73.3-windows-amd64.zip"

[tools.rclone."platforms.windows-x64-baseline"]
checksum = "sha256:1c51142576194d124ffa9654f45bab972530da22a3a339509bf9bed399f9dea3"
url = "https://github.com/rclone/rclone/releases/download/v1.73.3/rclone-v1.73.3-windows-amd64.zip"

[[tools.usage]]
version = "3.2.0"
backend = "aqua:jdx/usage"

[tools.usage."platforms.linux-arm64"]
checksum = "sha256:9cc22814763948582a31b054e6aa3adfc7a820a3cafb82b317dd4a8931277c0f"
url = "https://github.com/jdx/usage/releases/download/v3.2.0/usage-aarch64-unknown-linux-musl.tar.gz"

[tools.usage."platforms.linux-arm64-musl"]
checksum = "sha256:9cc22814763948582a31b054e6aa3adfc7a820a3cafb82b317dd4a8931277c0f"
url = "https://github.com/jdx/usage/releases/download/v3.2.0/usage-aarch64-unknown-linux-musl.tar.gz"

[tools.usage."platforms.linux-x64"]
checksum = "sha256:7f48ee228ae95b07c193ec61def326575682b37032473c5af4b3b93a114aec81"
url = "https://github.com/jdx/usage/releases/download/v3.2.0/usage-x86_64-unknown-linux-musl.tar.gz"

[tools.usage."platforms.linux-x64-baseline"]
checksum = "sha256:7f48ee228ae95b07c193ec61def326575682b37032473c5af4b3b93a114aec81"
url = "https://github.com/jdx/usage/releases/download/v3.2.0/usage-x86_64-unknown-linux-musl.tar.gz"

[tools.usage."platforms.linux-x64-musl"]
checksum = "sha256:7f48ee228ae95b07c193ec61def326575682b37032473c5af4b3b93a114aec81"
url = "https://github.com/jdx/usage/releases/download/v3.2.0/usage-x86_64-unknown-linux-musl.tar.gz"

[tools.usage."platforms.linux-x64-musl-baseline"]
checksum = "sha256:7f48ee228ae95b07c193ec61def326575682b37032473c5af4b3b93a114aec81"
url = "https://github.com/jdx/usage/releases/download/v3.2.0/usage-x86_64-unknown-linux-musl.tar.gz"

[tools.usage."platforms.macos-arm64"]
checksum = "sha256:f0a566bc05fc485b23a339abddbaef04225e7730574dbb603fdc021e084d26f9"
url = "https://github.com/jdx/usage/releases/download/v3.2.0/usage-universal-apple-darwin.tar.gz"

[tools.usage."platforms.macos-x64"]
checksum = "sha256:f0a566bc05fc485b23a339abddbaef04225e7730574dbb603fdc021e084d26f9"
url = "https://github.com/jdx/usage/releases/download/v3.2.0/usage-universal-apple-darwin.tar.gz"

[tools.usage."platforms.macos-x64-baseline"]
checksum = "sha256:f0a566bc05fc485b23a339abddbaef04225e7730574dbb603fdc021e084d26f9"
url = "https://github.com/jdx/usage/releases/download/v3.2.0/usage-universal-apple-darwin.tar.gz"

[tools.usage."platforms.windows-x64"]
checksum = "sha256:9aba23a5d549695cfb5f034849e143205ccf972e5b5d42c24acd32e084d7a165"
url = "https://github.com/jdx/usage/releases/download/v3.2.0/usage-x86_64-pc-windows-msvc.zip"

[tools.usage."platforms.windows-x64-baseline"]
checksum = "sha256:9aba23a5d549695cfb5f034849e143205ccf972e5b5d42c24acd32e084d7a165"
url = "https://github.com/jdx/usage/releases/download/v3.2.0/usage-x86_64-pc-windows-msvc.zip"

[[tools.uv]]
version = "0.11.1"
backend = "aqua:astral-sh/uv"

[tools.uv."platforms.linux-arm64"]
checksum = "sha256:bd04ffce77ee8d77f39823c13606183581847c2f5dcd704f2ea0f15e376b1a27"
url = "https://github.com/astral-sh/uv/releases/download/0.11.1/uv-aarch64-unknown-linux-musl.tar.gz"

[tools.uv."platforms.linux-arm64-musl"]
checksum = "sha256:bd04ffce77ee8d77f39823c13606183581847c2f5dcd704f2ea0f15e376b1a27"
url = "https://github.com/astral-sh/uv/releases/download/0.11.1/uv-aarch64-unknown-linux-musl.tar.gz"

[tools.uv."platforms.linux-x64"]
checksum = "sha256:4e949471a95b37088a1ff1a585f69abed4d3cd3f921f50709a46b6ba62986d38"
url = "https://github.com/astral-sh/uv/releases/download/0.11.1/uv-x86_64-unknown-linux-musl.tar.gz"
provenance = "github-attestations"

[tools.uv."platforms.linux-x64-baseline"]
checksum = "sha256:4e949471a95b37088a1ff1a585f69abed4d3cd3f921f50709a46b6ba62986d38"
url = "https://github.com/astral-sh/uv/releases/download/0.11.1/uv-x86_64-unknown-linux-musl.tar.gz"

[tools.uv."platforms.linux-x64-musl"]
checksum = "sha256:4e949471a95b37088a1ff1a585f69abed4d3cd3f921f50709a46b6ba62986d38"
url = "https://github.com/astral-sh/uv/releases/download/0.11.1/uv-x86_64-unknown-linux-musl.tar.gz"

[tools.uv."platforms.linux-x64-musl-baseline"]
checksum = "sha256:4e949471a95b37088a1ff1a585f69abed4d3cd3f921f50709a46b6ba62986d38"
url = "https://github.com/astral-sh/uv/releases/download/0.11.1/uv-x86_64-unknown-linux-musl.tar.gz"

[tools.uv."platforms.macos-arm64"]
checksum = "sha256:f7815f739ed5d0e4202e6292acedb8659b9ae7de663d07188d8c6cbd7f96303f"
url = "https://github.com/astral-sh/uv/releases/download/0.11.1/uv-aarch64-apple-darwin.tar.gz"
provenance = "github-attestations"

[tools.uv."platforms.macos-x64"]
checksum = "sha256:2103670e8e949605e51926c7b953923ff6f6befbfb55aee928f5e760c9c910f8"
url = "https://github.com/astral-sh/uv/releases/download/0.11.1/uv-x86_64-apple-darwin.tar.gz"

[tools.uv."platforms.macos-x64-baseline"]
checksum = "sha256:2103670e8e949605e51926c7b953923ff6f6befbfb55aee928f5e760c9c910f8"
url = "https://github.com/astral-sh/uv/releases/download/0.11.1/uv-x86_64-apple-darwin.tar.gz"

[tools.uv."platforms.windows-x64"]
checksum = "sha256:6659250cebbd3bb6ee48bcb21a3f0c6656450d63fb97f0f069bcb532bdb688ed"
url = "https://github.com/astral-sh/uv/releases/download/0.11.1/uv-x86_64-pc-windows-msvc.zip"

[tools.uv."platforms.windows-x64-baseline"]
checksum = "sha256:6659250cebbd3bb6ee48bcb21a3f0c6656450d63fb97f0f069bcb532bdb688ed"
url = "https://github.com/astral-sh/uv/releases/download/0.11.1/uv-x86_64-pc-windows-msvc.zip"
