# @generated - this file is auto-generated by `mise lock` https://mise.jdx.dev/dev-tools/mise-lock.html

[[tools.biome]]
version = "2.4.8"
backend = "aqua:biomejs/biome"

[tools.biome."platforms.linux-arm64"]
checksum = "sha256:e39df3a09697f43dc8d78989d7819029c4a7ddc45bca2b268403843575154f86"
url = "https://github.com/biomejs/biome/releases/download/%40biomejs/biome%402.4.8/biome-linux-arm64"

[tools.biome."platforms.linux-arm64-musl"]
checksum = "sha256:e39df3a09697f43dc8d78989d7819029c4a7ddc45bca2b268403843575154f86"
url = "https://github.com/biomejs/biome/releases/download/%40biomejs/biome%402.4.8/biome-linux-arm64"

[tools.biome."platforms.linux-x64"]
checksum = "sha256:bab205dea2d2432638e01fb41d136d6ccb26dd07e543d2f40d20b7b1e55be263"
url = "https://github.com/biomejs/biome/releases/download/%40biomejs/biome%402.4.8/biome-linux-x64"

[tools.biome."platforms.linux-x64-baseline"]
checksum = "sha256:bab205dea2d2432638e01fb41d136d6ccb26dd07e543d2f40d20b7b1e55be263"
url = "https://github.com/biomejs/biome/releases/download/%40biomejs/biome%402.4.8/biome-linux-x64"

[tools.biome."platforms.linux-x64-musl"]
checksum = "sha256:bab205dea2d2432638e01fb41d136d6ccb26dd07e543d2f40d20b7b1e55be263"
url = "https://github.com/biomejs/biome/releases/download/%40biomejs/biome%402.4.8/biome-linux-x64"

[tools.biome."platforms.linux-x64-musl-baseline"]
checksum = "sha256:bab205dea2d2432638e01fb41d136d6ccb26dd07e543d2f40d20b7b1e55be263"
url = "https://github.com/biomejs/biome/releases/download/%40biomejs/biome%402.4.8/biome-linux-x64"

[tools.biome."platforms.macos-arm64"]
checksum = "sha256:2777d62d2fadb34cd822050a3f8aacb31f53a15423946fbd8cfd1affb0ed652c"
url = "https://github.com/biomejs/biome/releases/download/%40biomejs/biome%402.4.8/biome-darwin-arm64"
provenance = "github-attestations"

[tools.biome."platforms.macos-x64"]
checksum = "sha256:ac1c5eb933be2bb186c8aea4cc81249938855e08fe88f807396b7cb41dfeb264"
url = "https://github.com/biomejs/biome/releases/download/%40biomejs/biome%402.4.8/biome-darwin-x64"

[tools.biome."platforms.macos-x64-baseline"]
checksum = "sha256:ac1c5eb933be2bb186c8aea4cc81249938855e08fe88f807396b7cb41dfeb264"
url = "https://github.com/biomejs/biome/releases/download/%40biomejs/biome%402.4.8/biome-darwin-x64"

[tools.biome."platforms.windows-x64"]
checksum = "sha256:5673d35901b8ca7fc0f6d70bbf5d7afb28ebbedb93d6d82244528aad971ee10e"
url = "https://github.com/biomejs/biome/releases/download/%40biomejs/biome%402.4.8/biome-win32-x64.exe"

[tools.biome."platforms.windows-x64-baseline"]
checksum = "sha256:5673d35901b8ca7fc0f6d70bbf5d7afb28ebbedb93d6d82244528aad971ee10e"
url = "https://github.com/biomejs/biome/releases/download/%40biomejs/biome%402.4.8/biome-win32-x64.exe"

[[tools.bun]]
version = "1.3.11"
backend = "core:bun"

[tools.bun."platforms.linux-arm64"]
checksum = "sha256:d13944da12a53ecc74bf6a720bd1d04c4555c038dfe422365356a7be47691fdf"
url = "https://github.com/oven-sh/bun/releases/download/bun-v1.3.11/bun-linux-aarch64.zip"

[tools.bun."platforms.linux-arm64-musl"]
checksum = "sha256:0f5bf5dc3f276053196274bb84f90a44e2fa40c9432bd6757e3247a8d9476a3d"
url = "https://github.com/oven-sh/bun/releases/download/bun-v1.3.11/bun-linux-aarch64-musl.zip"

[tools.bun."platforms.linux-x64"]
checksum = "sha256:8611ba935af886f05a6f38740a15160326c15e5d5d07adef966130b4493607ed"
url = "https://github.com/oven-sh/bun/releases/download/bun-v1.3.11/bun-linux-x64.zip"

[tools.bun."platforms.linux-x64-baseline"]
checksum = "sha256:abe346f63414547cdf6b35b7a649a490c728b93d006226156923918a84c0e59b"
url = "https://github.com/oven-sh/bun/releases/download/bun-v1.3.11/bun-linux-x64-baseline.zip"

[tools.bun."platforms.linux-x64-musl"]
checksum = "sha256:b0fce3bc4fab52f26a1e0d8886dc07fd0c0eb2a274cb343b59c83a2d5997b5b1"
url = "https://github.com/oven-sh/bun/releases/download/bun-v1.3.11/bun-linux-x64-musl.zip"

[tools.bun."platforms.linux-x64-musl-baseline"]
checksum = "sha256:2fa2b697f14ada86a28df771d3876ca7606d7453b2339454893b1937aa9c0c7e"
url = "https://github.com/oven-sh/bun/releases/download/bun-v1.3.11/bun-linux-x64-musl-baseline.zip"

[tools.bun."platforms.macos-arm64"]
checksum = "sha256:6f5a3467ed9caec4795bf78cd476507d9f870c7d57b86c945fcb338126772ffc"
url = "https://github.com/oven-sh/bun/releases/download/bun-v1.3.11/bun-darwin-aarch64.zip"

[tools.bun."platforms.macos-x64"]
checksum = "sha256:c4fe2b9247218b0295f24e895aaec8fee62e74452679a9026b67eacbd611a286"
url = "https://github.com/oven-sh/bun/releases/download/bun-v1.3.11/bun-darwin-x64.zip"

[tools.bun."platforms.macos-x64-baseline"]
checksum = "sha256:fb6739b08bf54550edaa7c824cd5b2dca45b6a06afef408443087a63105f6f8d"
url = "https://github.com/oven-sh/bun/releases/download/bun-v1.3.11/bun-darwin-x64-baseline.zip"

[tools.bun."platforms.windows-x64"]
checksum = "sha256:066f8694f8b7d8df592452746d18f01710d4053e93030922dbc6e8c34a8c4b9f"
url = "https://github.com/oven-sh/bun/releases/download/bun-v1.3.11/bun-windows-x64.zip"

[tools.bun."platforms.windows-x64-baseline"]
checksum = "sha256:9d0e0f923e9626f3bc6044fc32e0d3ab29039aea753f5678ef8801cf26f75288"
url = "https://github.com/oven-sh/bun/releases/download/bun-v1.3.11/bun-windows-x64-baseline.zip"

[[tools.claude]]
version = "2.1.80"
backend = "aqua:anthropics/claude-code"

[tools.claude."platforms.linux-arm64"]
url = "https://storage.googleapis.com/claude-code-dist-86c565f3-f756-42ad-8dfa-d59b1c096819/claude-code-releases/2.1.80/linux-arm64/claude"

[tools.claude."platforms.linux-arm64-musl"]
url = "https://storage.googleapis.com/claude-code-dist-86c565f3-f756-42ad-8dfa-d59b1c096819/claude-code-releases/2.1.80/linux-arm64/claude"

[tools.claude."platforms.linux-x64"]
checksum = "blake3:1bbec7e68b4a2f49ddec2b526807ab77f1d8384b6c0db480fc79fc0bb3b83652"
url = "https://storage.googleapis.com/claude-code-dist-86c565f3-f756-42ad-8dfa-d59b1c096819/claude-code-releases/2.1.80/linux-x64/claude"

[tools.claude."platforms.linux-x64-baseline"]
url = "https://storage.googleapis.com/claude-code-dist-86c565f3-f756-42ad-8dfa-d59b1c096819/claude-code-releases/2.1.80/linux-x64/claude"

[tools.claude."platforms.linux-x64-musl"]
url = "https://storage.googleapis.com/claude-code-dist-86c565f3-f756-42ad-8dfa-d59b1c096819/claude-code-releases/2.1.80/linux-x64/claude"

[tools.claude."platforms.linux-x64-musl-baseline"]
url = "https://storage.googleapis.com/claude-code-dist-86c565f3-f756-42ad-8dfa-d59b1c096819/claude-code-releases/2.1.80/linux-x64/claude"

[tools.claude."platforms.macos-arm64"]
checksum = "blake3:a8b0ff61e9e255d0a5b00b8fc77b9e7b750bfe831966bf189ded2f05c90a5bcb"
url = "https://storage.googleapis.com/claude-code-dist-86c565f3-f756-42ad-8dfa-d59b1c096819/claude-code-releases/2.1.80/darwin-arm64/claude"

[tools.claude."platforms.macos-x64"]
url = "https://storage.googleapis.com/claude-code-dist-86c565f3-f756-42ad-8dfa-d59b1c096819/claude-code-releases/2.1.80/darwin-x64/claude"

[tools.claude."platforms.macos-x64-baseline"]
url = "https://storage.googleapis.com/claude-code-dist-86c565f3-f756-42ad-8dfa-d59b1c096819/claude-code-releases/2.1.80/darwin-x64/claude"

[[tools.killport]]
version = "2.0.0"
backend = "aqua:jkfran/killport"

[tools.killport."platforms.linux-arm64"]
checksum = "sha256:0e7615acb78d4a68ebcfa2e6aa39db89e46522f181b2b11caa08b76db281d61c"
url = "https://github.com/jkfran/killport/releases/download/v2.0.0/killport-aarch64-linux-gnu.tar.gz"

[tools.killport."platforms.linux-arm64-musl"]
checksum = "sha256:0e7615acb78d4a68ebcfa2e6aa39db89e46522f181b2b11caa08b76db281d61c"
url = "https://github.com/jkfran/killport/releases/download/v2.0.0/killport-aarch64-linux-gnu.tar.gz"

[tools.killport."platforms.linux-x64"]
checksum = "sha256:96c54471e1d7d3124416b447d6e2cd2544c196c7ad5cad8591eef6e477339df1"
url = "https://github.com/jkfran/killport/releases/download/v2.0.0/killport-x86_64-linux-gnu.tar.gz"

[tools.killport."platforms.linux-x64-baseline"]
checksum = "sha256:96c54471e1d7d3124416b447d6e2cd2544c196c7ad5cad8591eef6e477339df1"
url = "https://github.com/jkfran/killport/releases/download/v2.0.0/killport-x86_64-linux-gnu.tar.gz"

[tools.killport."platforms.linux-x64-musl"]
checksum = "sha256:96c54471e1d7d3124416b447d6e2cd2544c196c7ad5cad8591eef6e477339df1"
url = "https://github.com/jkfran/killport/releases/download/v2.0.0/killport-x86_64-linux-gnu.tar.gz"

[tools.killport."platforms.linux-x64-musl-baseline"]
checksum = "sha256:96c54471e1d7d3124416b447d6e2cd2544c196c7ad5cad8591eef6e477339df1"
url = "https://github.com/jkfran/killport/releases/download/v2.0.0/killport-x86_64-linux-gnu.tar.gz"

[tools.killport."platforms.macos-arm64"]
checksum = "sha256:3df6368475ab7cd4f3e180e1b9a79bd94f7723bbc14b482f37f47b524d7084d6"
url = "https://github.com/jkfran/killport/releases/download/v2.0.0/killport-aarch64-apple-darwin.tar.gz"

[tools.killport."platforms.macos-x64"]
checksum = "sha256:adc3a53ef66ed0c3b64c98faac4271c4dea76a4e8d9632a7ccc2165d3df80350"
url = "https://github.com/jkfran/killport/releases/download/v2.0.0/killport-x86_64-apple-darwin.tar.gz"

[tools.killport."platforms.macos-x64-baseline"]
checksum = "sha256:adc3a53ef66ed0c3b64c98faac4271c4dea76a4e8d9632a7ccc2165d3df80350"
url = "https://github.com/jkfran/killport/releases/download/v2.0.0/killport-x86_64-apple-darwin.tar.gz"

[tools.killport."platforms.windows-x64"]
checksum = "sha256:785e91dd66a4f3914bf64ad629193e4f7ec710b3d058e70e23c7edd72c150f49"
url = "https://github.com/jkfran/killport/releases/download/v2.0.0/killport-x86_64-pc-windows-gnu.tar.gz"

[tools.killport."platforms.windows-x64-baseline"]
checksum = "sha256:785e91dd66a4f3914bf64ad629193e4f7ec710b3d058e70e23c7edd72c150f49"
url = "https://github.com/jkfran/killport/releases/download/v2.0.0/killport-x86_64-pc-windows-gnu.tar.gz"

[[tools.node]]
version = "25.8.1"
backend = "core:node"

[tools.node."platforms.linux-arm64"]
checksum = "sha256:d990ec3c21ce8bdb6f76ed4e1c875d6e3e4b75a02d018e85df0662c0bad83b53"
url = "https://nodejs.org/dist/v25.8.1/node-v25.8.1-linux-arm64.tar.gz"

[tools.node."platforms.linux-arm64-musl"]
checksum = "sha256:d990ec3c21ce8bdb6f76ed4e1c875d6e3e4b75a02d018e85df0662c0bad83b53"
url = "https://nodejs.org/dist/v25.8.1/node-v25.8.1-linux-arm64.tar.gz"

[tools.node."platforms.linux-x64"]
checksum = "sha256:6fe3b8fa448579f728f7a0e5bbb3ab6a352d2c6307e13ae37a86106a3e4c9aaf"
url = "https://nodejs.org/dist/v25.8.1/node-v25.8.1-linux-x64.tar.gz"

[tools.node."platforms.linux-x64-baseline"]
checksum = "sha256:6fe3b8fa448579f728f7a0e5bbb3ab6a352d2c6307e13ae37a86106a3e4c9aaf"
url = "https://nodejs.org/dist/v25.8.1/node-v25.8.1-linux-x64.tar.gz"

[tools.node."platforms.linux-x64-musl"]
checksum = "sha256:6fe3b8fa448579f728f7a0e5bbb3ab6a352d2c6307e13ae37a86106a3e4c9aaf"
url = "https://nodejs.org/dist/v25.8.1/node-v25.8.1-linux-x64.tar.gz"

[tools.node."platforms.linux-x64-musl-baseline"]
checksum = "sha256:6fe3b8fa448579f728f7a0e5bbb3ab6a352d2c6307e13ae37a86106a3e4c9aaf"
url = "https://nodejs.org/dist/v25.8.1/node-v25.8.1-linux-x64.tar.gz"

[tools.node."platforms.macos-arm64"]
checksum = "sha256:c667629236e3213616f0917b84eb52706e213c0e8a2312402335fff6fc7463c4"
url = "https://nodejs.org/dist/v25.8.1/node-v25.8.1-darwin-arm64.tar.gz"

[tools.node."platforms.macos-x64"]
checksum = "sha256:1e5ebf69955e01216f5c60b9c989d1bdda8e5022e2f60c75e1baf309c5bff50e"
url = "https://nodejs.org/dist/v25.8.1/node-v25.8.1-darwin-x64.tar.gz"

[tools.node."platforms.macos-x64-baseline"]
checksum = "sha256:1e5ebf69955e01216f5c60b9c989d1bdda8e5022e2f60c75e1baf309c5bff50e"
url = "https://nodejs.org/dist/v25.8.1/node-v25.8.1-darwin-x64.tar.gz"

[tools.node."platforms.windows-x64"]
checksum = "sha256:09a5a0dbb2f4cefa800880012810e2dfaac0016a62e75f064c4ab7f3606b2d78"
url = "https://nodejs.org/dist/v25.8.1/node-v25.8.1-win-x64.zip"

[tools.node."platforms.windows-x64-baseline"]
checksum = "sha256:09a5a0dbb2f4cefa800880012810e2dfaac0016a62e75f064c4ab7f3606b2d78"
url = "https://nodejs.org/dist/v25.8.1/node-v25.8.1-win-x64.zip"

[[tools.rclone]]
version = "1.73.2"
backend = "aqua:rclone/rclone"

[tools.rclone."platforms.linux-arm64"]
checksum = "sha256:2f7d8b807e6ea638855129052c834ca23aa538d3ad7786e30b8ad1e97c5db47b"
url = "https://github.com/rclone/rclone/releases/download/v1.73.2/rclone-v1.73.2-linux-arm64.zip"

[tools.rclone."platforms.linux-arm64-musl"]
checksum = "sha256:2f7d8b807e6ea638855129052c834ca23aa538d3ad7786e30b8ad1e97c5db47b"
url = "https://github.com/rclone/rclone/releases/download/v1.73.2/rclone-v1.73.2-linux-arm64.zip"

[tools.rclone."platforms.linux-x64"]
checksum = "sha256:00a1d8cb85552b7b07bb0416559b2e78fcf9c6926662a52682d81b5f20c90535"
url = "https://github.com/rclone/rclone/releases/download/v1.73.2/rclone-v1.73.2-linux-amd64.zip"

[tools.rclone."platforms.linux-x64-baseline"]
checksum = "sha256:00a1d8cb85552b7b07bb0416559b2e78fcf9c6926662a52682d81b5f20c90535"
url = "https://github.com/rclone/rclone/releases/download/v1.73.2/rclone-v1.73.2-linux-amd64.zip"

[tools.rclone."platforms.linux-x64-musl"]
checksum = "sha256:00a1d8cb85552b7b07bb0416559b2e78fcf9c6926662a52682d81b5f20c90535"
url = "https://github.com/rclone/rclone/releases/download/v1.73.2/rclone-v1.73.2-linux-amd64.zip"

[tools.rclone."platforms.linux-x64-musl-baseline"]
checksum = "sha256:00a1d8cb85552b7b07bb0416559b2e78fcf9c6926662a52682d81b5f20c90535"
url = "https://github.com/rclone/rclone/releases/download/v1.73.2/rclone-v1.73.2-linux-amd64.zip"

[tools.rclone."platforms.macos-arm64"]
checksum = "sha256:879fd46e0338bf6244f55af6bde9f151a1711dd62abdc46117a4c11cfb0a601e"
url = "https://github.com/rclone/rclone/releases/download/v1.73.2/rclone-v1.73.2-osx-arm64.zip"

[tools.rclone."platforms.macos-x64"]
checksum = "sha256:ff3215b1b93e4588e0ccfef11e4c49755a91d42f4bc89c98bf89f6d30b0ae16f"
url = "https://github.com/rclone/rclone/releases/download/v1.73.2/rclone-v1.73.2-osx-amd64.zip"

[tools.rclone."platforms.macos-x64-baseline"]
checksum = "sha256:ff3215b1b93e4588e0ccfef11e4c49755a91d42f4bc89c98bf89f6d30b0ae16f"
url = "https://github.com/rclone/rclone/releases/download/v1.73.2/rclone-v1.73.2-osx-amd64.zip"

[tools.rclone."platforms.windows-x64"]
checksum = "sha256:b77a72eab9692f9032dac89d7e13e07ce4747acd9ae402168cc8fe306de1138e"
url = "https://github.com/rclone/rclone/releases/download/v1.73.2/rclone-v1.73.2-windows-amd64.zip"

[tools.rclone."platforms.windows-x64-baseline"]
checksum = "sha256:b77a72eab9692f9032dac89d7e13e07ce4747acd9ae402168cc8fe306de1138e"
url = "https://github.com/rclone/rclone/releases/download/v1.73.2/rclone-v1.73.2-windows-amd64.zip"

[[tools.usage]]
version = "3.0.0"
backend = "aqua:jdx/usage"

[tools.usage."platforms.linux-arm64"]
checksum = "sha256:6c32e248c2203d3d0b43bed07a9c6d25b05773e8443fb99b4c4a724f9c8fc64a"
url = "https://github.com/jdx/usage/releases/download/v3.0.0/usage-aarch64-unknown-linux-musl.tar.gz"

[tools.usage."platforms.linux-arm64-musl"]
checksum = "sha256:6c32e248c2203d3d0b43bed07a9c6d25b05773e8443fb99b4c4a724f9c8fc64a"
url = "https://github.com/jdx/usage/releases/download/v3.0.0/usage-aarch64-unknown-linux-musl.tar.gz"

[tools.usage."platforms.linux-x64"]
checksum = "sha256:e9d4c42cbc28668da0c1ee02eaea1948ab043ee1ef2637fa90737095da487e1c"
url = "https://github.com/jdx/usage/releases/download/v3.0.0/usage-x86_64-unknown-linux-musl.tar.gz"

[tools.usage."platforms.linux-x64-baseline"]
checksum = "sha256:e9d4c42cbc28668da0c1ee02eaea1948ab043ee1ef2637fa90737095da487e1c"
url = "https://github.com/jdx/usage/releases/download/v3.0.0/usage-x86_64-unknown-linux-musl.tar.gz"

[tools.usage."platforms.linux-x64-musl"]
checksum = "sha256:e9d4c42cbc28668da0c1ee02eaea1948ab043ee1ef2637fa90737095da487e1c"
url = "https://github.com/jdx/usage/releases/download/v3.0.0/usage-x86_64-unknown-linux-musl.tar.gz"

[tools.usage."platforms.linux-x64-musl-baseline"]
checksum = "sha256:e9d4c42cbc28668da0c1ee02eaea1948ab043ee1ef2637fa90737095da487e1c"
url = "https://github.com/jdx/usage/releases/download/v3.0.0/usage-x86_64-unknown-linux-musl.tar.gz"

[tools.usage."platforms.macos-arm64"]
checksum = "sha256:4de86e95923dd57d8171a5ae40ca65492ef84b69175fefd7ab14442ab3ea0fc2"
url = "https://github.com/jdx/usage/releases/download/v3.0.0/usage-universal-apple-darwin.tar.gz"

[tools.usage."platforms.macos-x64"]
checksum = "sha256:4de86e95923dd57d8171a5ae40ca65492ef84b69175fefd7ab14442ab3ea0fc2"
url = "https://github.com/jdx/usage/releases/download/v3.0.0/usage-universal-apple-darwin.tar.gz"

[tools.usage."platforms.macos-x64-baseline"]
checksum = "sha256:4de86e95923dd57d8171a5ae40ca65492ef84b69175fefd7ab14442ab3ea0fc2"
url = "https://github.com/jdx/usage/releases/download/v3.0.0/usage-universal-apple-darwin.tar.gz"

[tools.usage."platforms.windows-x64"]
checksum = "sha256:b0a8cb81f4a259f8eaee134d9d427ed8284177141d615669dce2bde184ab06b3"
url = "https://github.com/jdx/usage/releases/download/v3.0.0/usage-x86_64-pc-windows-msvc.zip"

[tools.usage."platforms.windows-x64-baseline"]
checksum = "sha256:b0a8cb81f4a259f8eaee134d9d427ed8284177141d615669dce2bde184ab06b3"
url = "https://github.com/jdx/usage/releases/download/v3.0.0/usage-x86_64-pc-windows-msvc.zip"

[[tools.uv]]
version = "0.10.12"
backend = "aqua:astral-sh/uv"

[tools.uv."platforms.linux-arm64"]
checksum = "sha256:55bd1c1c10ec8b95a8c184f5e18b566703c6ab105f0fc118aaa4d748aabf28e4"
url = "https://github.com/astral-sh/uv/releases/download/0.10.12/uv-aarch64-unknown-linux-musl.tar.gz"

[tools.uv."platforms.linux-arm64-musl"]
checksum = "sha256:55bd1c1c10ec8b95a8c184f5e18b566703c6ab105f0fc118aaa4d748aabf28e4"
url = "https://github.com/astral-sh/uv/releases/download/0.10.12/uv-aarch64-unknown-linux-musl.tar.gz"

[tools.uv."platforms.linux-x64"]
checksum = "sha256:adccf40b5d1939a5e0093081ec2307ea24235adf7c2d96b122c561fa37711c46"
url = "https://github.com/astral-sh/uv/releases/download/0.10.12/uv-x86_64-unknown-linux-musl.tar.gz"
provenance = "github-attestations"

[tools.uv."platforms.linux-x64-baseline"]
checksum = "sha256:adccf40b5d1939a5e0093081ec2307ea24235adf7c2d96b122c561fa37711c46"
url = "https://github.com/astral-sh/uv/releases/download/0.10.12/uv-x86_64-unknown-linux-musl.tar.gz"

[tools.uv."platforms.linux-x64-musl"]
checksum = "sha256:adccf40b5d1939a5e0093081ec2307ea24235adf7c2d96b122c561fa37711c46"
url = "https://github.com/astral-sh/uv/releases/download/0.10.12/uv-x86_64-unknown-linux-musl.tar.gz"

[tools.uv."platforms.linux-x64-musl-baseline"]
checksum = "sha256:adccf40b5d1939a5e0093081ec2307ea24235adf7c2d96b122c561fa37711c46"
url = "https://github.com/astral-sh/uv/releases/download/0.10.12/uv-x86_64-unknown-linux-musl.tar.gz"

[tools.uv."platforms.macos-arm64"]
checksum = "sha256:ae738b5661a900579ec621d3918c0ef17bdec0da2a8a6d8b161137cd15f25414"
url = "https://github.com/astral-sh/uv/releases/download/0.10.12/uv-aarch64-apple-darwin.tar.gz"
provenance = "github-attestations"

[tools.uv."platforms.macos-x64"]
checksum = "sha256:17443e293f2ae407bb2d8d34b875ebfe0ae01cf1296de5647e69e7b2e2b428f0"
url = "https://github.com/astral-sh/uv/releases/download/0.10.12/uv-x86_64-apple-darwin.tar.gz"

[tools.uv."platforms.macos-x64-baseline"]
checksum = "sha256:17443e293f2ae407bb2d8d34b875ebfe0ae01cf1296de5647e69e7b2e2b428f0"
url = "https://github.com/astral-sh/uv/releases/download/0.10.12/uv-x86_64-apple-darwin.tar.gz"

[tools.uv."platforms.windows-x64"]
checksum = "sha256:4c1d55501869b3330d4aabf45ad6024ce2367e0f3af83344395702d272c22e88"
url = "https://github.com/astral-sh/uv/releases/download/0.10.12/uv-x86_64-pc-windows-msvc.zip"

[tools.uv."platforms.windows-x64-baseline"]
checksum = "sha256:4c1d55501869b3330d4aabf45ad6024ce2367e0f3af83344395702d272c22e88"
url = "https://github.com/astral-sh/uv/releases/download/0.10.12/uv-x86_64-pc-windows-msvc.zip"
